
Microsoft Visual Studio Solution File, Format Version 12.00
# Visual Studio Version 17
VisualStudioVersion = 17.11.35312.102
MinimumVisualStudioVersion = 10.0.40219.1
Project("{FAE04EC0-301F-11D3-BF4B-00C04F79EFBC}") = "TP4", "TP4\TP4.csproj", "{179691B0-C404-481C-8E4D-E5CD9B940BFC}"
EndProject
Global
	GlobalSection(SolutionConfigurationPlatforms) = preSolution
		Debug|Any CPU = Debug|Any CPU
		Release|Any CPU = Release|Any CPU
	EndGlobalSection
	GlobalSection(ProjectConfigurationPlatforms) = postSolution
		{179691B0-C404-481C-8E4D-E5CD9B940BFC}.Debug|Any CPU.ActiveCfg = Debug|Any CPU
		{179691B0-C404-481C-8E4D-E5CD9B940BFC}.Debug|Any CPU.Build.0 = Debug|Any CPU
		{179691B0-C404-481C-8E4D-E5CD9B940BFC}.Release|Any CPU.ActiveCfg = Release|Any CPU
		{179691B0-C404-481C-8E4D-E5CD9B940BFC}.Release|Any CPU.Build.0 = Release|Any CPU
	EndGlobalSection
	GlobalSection(SolutionProperties) = preSolution
		HideSolutionNode = FALSE
	EndGlobalSection
	GlobalSection(ExtensibilityGlobals) = postSolution
		SolutionGuid = {5DF0F4F6-C664-4CBC-A0A6-0F880A18A37D}
	EndGlobalSection
EndGlobal
